
Microsoft Visual Studio Solution File, Format Version 12.00
# Visual Studio Version 16
VisualStudioVersion = 16.0.30503.244
MinimumVisualStudioVersion = 10.0.40219.1
Project("{FAE04EC0-301F-11D3-BF4B-00C04F79EFBC}") = "Bank", "Bank\Bank.csproj", "{296CEFE3-CB02-446B-B749-3B2A4ABA302D}"
EndProject
Global
	GlobalSection(SolutionConfigurationPlatforms) = preSolution
		Debug|Any CPU = Debug|Any CPU
		Release|Any CPU = Release|Any CPU
	EndGlobalSection
	GlobalSection(ProjectConfigurationPlatforms) = postSolution
		{296CEFE3-CB02-446B-B749-3B2A4ABA302D}.Debug|Any CPU.ActiveCfg = Debug|Any CPU
		{296CEFE3-CB02-446B-B749-3B2A4ABA302D}.Debug|Any CPU.Build.0 = Debug|Any CPU
		{296CEFE3-CB02-446B-B749-3B2A4ABA302D}.Release|Any CPU.ActiveCfg = Release|Any CPU
		{296CEFE3-CB02-446B-B749-3B2A4ABA302D}.Release|Any CPU.Build.0 = Release|Any CPU
	EndGlobalSection
	GlobalSection(SolutionProperties) = preSolution
		HideSolutionNode = FALSE
	EndGlobalSection
	GlobalSection(ExtensibilityGlobals) = postSolution
		SolutionGuid = {6767A7C1-9C53-4497-80F6-17B9238562E5}
	EndGlobalSection
EndGlobal
